
Microsoft Visual Studio Solution File, Format Version 12.00
# Visual Studio 15
VisualStudioVersion = 15.0.28307.645
MinimumVisualStudioVersion = 10.0.40219.1
Project("{FAE04EC0-301F-11D3-BF4B-00C04F79EFBC}") = "VirtualAssistant", "VirtualAssistant\VirtualAssistant.csproj", "{A731B09B-0A21-408B-8507-EFCB5F6D7019}"
EndProject
Global
	GlobalSection(SolutionConfigurationPlatforms) = preSolution
		Debug|Any CPU = Debug|Any CPU
		Release|Any CPU = Release|Any CPU
	EndGlobalSection
	GlobalSection(ProjectConfigurationPlatforms) = postSolution
		{A731B09B-0A21-408B-8507-EFCB5F6D7019}.Debug|Any CPU.ActiveCfg = Debug|Any CPU
		{A731B09B-0A21-408B-8507-EFCB5F6D7019}.Debug|Any CPU.Build.0 = Debug|Any CPU
		{A731B09B-0A21-408B-8507-EFCB5F6D7019}.Release|Any CPU.ActiveCfg = Release|Any CPU
		{A731B09B-0A21-408B-8507-EFCB5F6D7019}.Release|Any CPU.Build.0 = Release|Any CPU
	EndGlobalSection
	GlobalSection(SolutionProperties) = preSolution
		HideSolutionNode = FALSE
	EndGlobalSection
	GlobalSection(ExtensibilityGlobals) = postSolution
		SolutionGuid = {346DBFA1-0155-48A2-89E9-8EFD24490CE0}
	EndGlobalSection
EndGlobal
